
Microsoft Visual Studio Solution File, Format Version 12.00
# Visual Studio Version 16
VisualStudioVersion = 16.0.29911.84
MinimumVisualStudioVersion = 10.0.40219.1
Project("{FAE04EC0-301F-11D3-BF4B-00C04F79EFBC}") = "DoubleMindWeb", "DoubleMindWeb.csproj", "{2C2D5F2B-EC94-4D13-B8E9-B0E1F79CD12A}"
EndProject
Global
	GlobalSection(SolutionConfigurationPlatforms) = preSolution
		Debug|Any CPU = Debug|Any CPU
		Release|Any CPU = Release|Any CPU
	EndGlobalSection
	GlobalSection(ProjectConfigurationPlatforms) = postSolution
		{2C2D5F2B-EC94-4D13-B8E9-B0E1F79CD12A}.Debug|Any CPU.ActiveCfg = Debug|Any CPU
		{2C2D5F2B-EC94-4D13-B8E9-B0E1F79CD12A}.Debug|Any CPU.Build.0 = Debug|Any CPU
		{2C2D5F2B-EC94-4D13-B8E9-B0E1F79CD12A}.Release|Any CPU.ActiveCfg = Release|Any CPU
		{2C2D5F2B-EC94-4D13-B8E9-B0E1F79CD12A}.Release|Any CPU.Build.0 = Release|Any CPU
	EndGlobalSection
	GlobalSection(SolutionProperties) = preSolution
		HideSolutionNode = FALSE
	EndGlobalSection
	GlobalSection(ExtensibilityGlobals) = postSolution
		SolutionGuid = {DF4E2F6F-BA60-4D08-9966-9A46F021B618}
	EndGlobalSection
EndGlobal
